// !$*UTF8*$!
{
	archiveVersion = 1;
	classes = {
	};
	objectVersion = 77;
	objects = {

/* Begin PBXBuildFile section */
		0C140F49F8E2B066FD640715 /* Foundation.framework in Frameworks */ = {isa = PBXBuildFile; fileRef = E2178A4116A9D305DD17AC0F /* Foundation.framework */; };
		0FD74DF7A8CF4D65AC687056 /* ParticipantStatusEngineTests.swift in Sources */ = {isa = PBXBuildFile; fileRef = 5ED1FDE34AB4447282C61E78 /* ParticipantStatusEngineTests.swift */; };
		16305A52EDB7461C99261225 /* TripStatusViewModelTests.swift in Sources */ = {isa = PBXBuildFile; fileRef = 597E4DDC68DA461784B88EF2 /* TripStatusViewModelTests.swift */; };
		2AD16F635D2D6A29F0021708 /* OwnershipTransferPolicyTests.swift in Sources */ = {isa = PBXBuildFile; fileRef = 21CC223B6693C0C0AE023BFB /* OwnershipTransferPolicyTests.swift */; };
		476AE09606649729F6EEBD63 /* LocationUpdateQueueServiceTests.swift in Sources */ = {isa = PBXBuildFile; fileRef = AF8E1BD27BF9844BEB65136F /* LocationUpdateQueueServiceTests.swift */; };
		5FD9DE9B2FFCE76C0047FCF3 /* WidgetKit.framework in Frameworks */ = {isa = PBXBuildFile; fileRef = 8CD3699F2FF265E400B103BD /* WidgetKit.framework */; };
		5FD9DE9C2FFCE76C0047FCF3 /* SwiftUI.framework in Frameworks */ = {isa = PBXBuildFile; fileRef = 8CD369A12FF265E500B103BD /* SwiftUI.framework */; };
		5FD9DEAD2FFCE76C0047FCF3 /* OmaweWidgetExtension.appex in Embed Foundation Extensions */ = {isa = PBXBuildFile; fileRef = 5FD9DE9A2FFCE76C0047FCF3 /* OmaweWidgetExtension.appex */; settings = {ATTRIBUTES = (RemoveHeadersOnCopy, ); }; };
		622DC11819D4F9AAECA18B4E /* LocationCoreTests.swift in Sources */ = {isa = PBXBuildFile; fileRef = B6E667E531EC1E31F658050D /* LocationCoreTests.swift */; };
		68EE43B30728E37F1EF03B50 /* TripNotificationServiceTests.swift in Sources */ = {isa = PBXBuildFile; fileRef = A88EA9D29D5FEEBBBA6927A9 /* TripNotificationServiceTests.swift */; };
		7533CBFA18DC75163521E9B3 /* LocationSharingCoordinatorTests.swift in Sources */ = {isa = PBXBuildFile; fileRef = 378A394696DD98EBA3A2E72B /* LocationSharingCoordinatorTests.swift */; };
		8F63AD584C601E4FE5316C51 /* LocationDisplayStateTests.swift in Sources */ = {isa = PBXBuildFile; fileRef = 18D0C0AF62AFA885DD663EFF /* LocationDisplayStateTests.swift */; };
		92D7D52C547B48FF70F7DD50 /* LocationServiceTests.swift in Sources */ = {isa = PBXBuildFile; fileRef = 58BB9C377257037BC9C0EF93 /* LocationServiceTests.swift */; };
		9A166154E454DD11EEC9B182 /* CKErrorRetryClassifierTests.swift in Sources */ = {isa = PBXBuildFile; fileRef = 617763E59D961C1313022E6F /* CKErrorRetryClassifierTests.swift */; };
		BD53BF10D60A6EAD1ECB4532 /* LocationUpdateTests.swift in Sources */ = {isa = PBXBuildFile; fileRef = 4538B9C8CCBF8A5537659448 /* LocationUpdateTests.swift */; };
		C3ED5FF2E403302B0B7C7E45 /* LocationRecordMapperTests.swift in Sources */ = {isa = PBXBuildFile; fileRef = ED9F8690997831707909E6DF /* LocationRecordMapperTests.swift */; };
		C55095FF2FFB9056003A047B /* Lottie in Frameworks */ = {isa = PBXBuildFile; productRef = C55095FE2FFB9056003A047B /* Lottie */; };
		CEFBF78ED3867274CE94481C /* ETAAccuracySamplerTests.swift in Sources */ = {isa = PBXBuildFile; fileRef = 7249C62EE820C3980A8641DA /* ETAAccuracySamplerTests.swift */; };
		D1E85434806943D389C3F392 /* TripRecordMapperTests.swift in Sources */ = {isa = PBXBuildFile; fileRef = 492F4D5B458C42B48769C769 /* TripRecordMapperTests.swift */; };
		E2C6FE8A9B912EA20C7B2C2F /* MapRegionFittingTests.swift in Sources */ = {isa = PBXBuildFile; fileRef = 23E394C265FF2879CE2D4A6B /* MapRegionFittingTests.swift */; };
		E308F70359444344AA853DA0 /* LiveActivityLifecycleManagerTests.swift in Sources */ = {isa = PBXBuildFile; fileRef = B4104D124735458BBEAD9A88 /* LiveActivityLifecycleManagerTests.swift */; };
		E327BB19D4DA466797393E0F /* WidgetContentStateAggregatorTests.swift in Sources */ = {isa = PBXBuildFile; fileRef = 320B6F320EC5429EAC23326C /* WidgetContentStateAggregatorTests.swift */; };
		E43F5C45634E0E926F5EE29E /* RetryExecutorTests.swift in Sources */ = {isa = PBXBuildFile; fileRef = D67C5F07779763A9BAC0BFCD /* RetryExecutorTests.swift */; };
		FBD44B255C0176440994FE05 /* CloudKitLocationSyncServiceTests.swift in Sources */ = {isa = PBXBuildFile; fileRef = 93847036D36A8F72652D1A48 /* CloudKitLocationSyncServiceTests.swift */; };
/* End PBXBuildFile section */

/* Begin PBXContainerItemProxy section */
		5FD9DEAB2FFCE76C0047FCF3 /* PBXContainerItemProxy */ = {
			isa = PBXContainerItemProxy;
			containerPortal = 8CF43A2D2FF2497200061915 /* Project object */;
			proxyType = 1;
			remoteGlobalIDString = 5FD9DE992FFCE76C0047FCF3;
			remoteInfo = OmaweWidgetExtension;
		};
		F3594D51328387896C6EA787 /* PBXContainerItemProxy */ = {
			isa = PBXContainerItemProxy;
			containerPortal = 8CF43A2D2FF2497200061915 /* Project object */;
			proxyType = 1;
			remoteGlobalIDString = 8CF43A342FF2497200061915;
			remoteInfo = Omawe;
		};
/* End PBXContainerItemProxy section */

/* Begin PBXCopyFilesBuildPhase section */
		8CD369B42FF265E600B103BD /* Embed Foundation Extensions */ = {
			isa = PBXCopyFilesBuildPhase;
			buildActionMask = 2147483647;
			dstPath = "";
			dstSubfolderSpec = 13;
			files = (
				5FD9DEAD2FFCE76C0047FCF3 /* OmaweWidgetExtension.appex in Embed Foundation Extensions */,
			);
			name = "Embed Foundation Extensions";
			runOnlyForDeploymentPostprocessing = 0;
		};
/* End PBXCopyFilesBuildPhase section */

/* Begin PBXFileReference section */
		18D0C0AF62AFA885DD663EFF /* LocationDisplayStateTests.swift */ = {isa = PBXFileReference; includeInIndex = 1; lastKnownFileType = sourcecode.swift; path = LocationDisplayStateTests.swift; sourceTree = "<group>"; };
		21CC223B6693C0C0AE023BFB /* OwnershipTransferPolicyTests.swift */ = {isa = PBXFileReference; includeInIndex = 1; lastKnownFileType = sourcecode.swift; path = OwnershipTransferPolicyTests.swift; sourceTree = "<group>"; };
		23E394C265FF2879CE2D4A6B /* MapRegionFittingTests.swift */ = {isa = PBXFileReference; includeInIndex = 1; lastKnownFileType = sourcecode.swift; path = MapRegionFittingTests.swift; sourceTree = "<group>"; };
		320B6F320EC5429EAC23326C /* WidgetContentStateAggregatorTests.swift */ = {isa = PBXFileReference; includeInIndex = 1; lastKnownFileType = sourcecode.swift; path = WidgetContentStateAggregatorTests.swift; sourceTree = "<group>"; };
		378A394696DD98EBA3A2E72B /* LocationSharingCoordinatorTests.swift */ = {isa = PBXFileReference; includeInIndex = 1; lastKnownFileType = sourcecode.swift; path = LocationSharingCoordinatorTests.swift; sourceTree = "<group>"; };
		4538B9C8CCBF8A5537659448 /* LocationUpdateTests.swift */ = {isa = PBXFileReference; includeInIndex = 1; lastKnownFileType = sourcecode.swift; path = LocationUpdateTests.swift; sourceTree = "<group>"; };
		492F4D5B458C42B48769C769 /* TripRecordMapperTests.swift */ = {isa = PBXFileReference; includeInIndex = 1; lastKnownFileType = sourcecode.swift; path = TripRecordMapperTests.swift; sourceTree = "<group>"; };
		58BB9C377257037BC9C0EF93 /* LocationServiceTests.swift */ = {isa = PBXFileReference; includeInIndex = 1; lastKnownFileType = sourcecode.swift; path = LocationServiceTests.swift; sourceTree = "<group>"; };
		597E4DDC68DA461784B88EF2 /* TripStatusViewModelTests.swift */ = {isa = PBXFileReference; includeInIndex = 1; lastKnownFileType = sourcecode.swift; path = TripStatusViewModelTests.swift; sourceTree = "<group>"; };
		5ED1FDE34AB4447282C61E78 /* ParticipantStatusEngineTests.swift */ = {isa = PBXFileReference; includeInIndex = 1; lastKnownFileType = sourcecode.swift; path = ParticipantStatusEngineTests.swift; sourceTree = "<group>"; };
		5FD9DE9A2FFCE76C0047FCF3 /* OmaweWidgetExtension.appex */ = {isa = PBXFileReference; explicitFileType = "wrapper.app-extension"; includeInIndex = 0; path = OmaweWidgetExtension.appex; sourceTree = BUILT_PRODUCTS_DIR; };
		617763E59D961C1313022E6F /* CKErrorRetryClassifierTests.swift */ = {isa = PBXFileReference; includeInIndex = 1; lastKnownFileType = sourcecode.swift; path = CKErrorRetryClassifierTests.swift; sourceTree = "<group>"; };
		7249C62EE820C3980A8641DA /* ETAAccuracySamplerTests.swift */ = {isa = PBXFileReference; includeInIndex = 1; lastKnownFileType = sourcecode.swift; path = ETAAccuracySamplerTests.swift; sourceTree = "<group>"; };
		8CD3699F2FF265E400B103BD /* WidgetKit.framework */ = {isa = PBXFileReference; lastKnownFileType = wrapper.framework; name = WidgetKit.framework; path = System/Library/Frameworks/WidgetKit.framework; sourceTree = SDKROOT; };
		8CD369A12FF265E500B103BD /* SwiftUI.framework */ = {isa = PBXFileReference; lastKnownFileType = wrapper.framework; name = SwiftUI.framework; path = System/Library/Frameworks/SwiftUI.framework; sourceTree = SDKROOT; };
		8CF43A352FF2497200061915 /* Omawe.app */ = {isa = PBXFileReference; explicitFileType = wrapper.application; includeInIndex = 0; path = Omawe.app; sourceTree = BUILT_PRODUCTS_DIR; };
		93847036D36A8F72652D1A48 /* CloudKitLocationSyncServiceTests.swift */ = {isa = PBXFileReference; includeInIndex = 1; lastKnownFileType = sourcecode.swift; path = CloudKitLocationSyncServiceTests.swift; sourceTree = "<group>"; };
		93EC5F4E1F6844858B882715 /* OmaweTests.xctest */ = {isa = PBXFileReference; explicitFileType = wrapper.cfbundle; includeInIndex = 0; path = OmaweTests.xctest; sourceTree = BUILT_PRODUCTS_DIR; };
		A88EA9D29D5FEEBBBA6927A9 /* TripNotificationServiceTests.swift */ = {isa = PBXFileReference; includeInIndex = 1; lastKnownFileType = sourcecode.swift; path = TripNotificationServiceTests.swift; sourceTree = "<group>"; };
		AF8E1BD27BF9844BEB65136F /* LocationUpdateQueueServiceTests.swift */ = {isa = PBXFileReference; includeInIndex = 1; lastKnownFileType = sourcecode.swift; path = LocationUpdateQueueServiceTests.swift; sourceTree = "<group>"; };
		B4104D124735458BBEAD9A88 /* LiveActivityLifecycleManagerTests.swift */ = {isa = PBXFileReference; includeInIndex = 1; lastKnownFileType = sourcecode.swift; path = LiveActivityLifecycleManagerTests.swift; sourceTree = "<group>"; };
		B6E667E531EC1E31F658050D /* LocationCoreTests.swift */ = {isa = PBXFileReference; includeInIndex = 1; lastKnownFileType = sourcecode.swift; path = LocationCoreTests.swift; sourceTree = "<group>"; };
		D67C5F07779763A9BAC0BFCD /* RetryExecutorTests.swift */ = {isa = PBXFileReference; includeInIndex = 1; lastKnownFileType = sourcecode.swift; path = RetryExecutorTests.swift; sourceTree = "<group>"; };
		E2178A4116A9D305DD17AC0F /* Foundation.framework */ = {isa = PBXFileReference; lastKnownFileType = wrapper.framework; name = Foundation.framework; path = Platforms/iPhoneOS.platform/Developer/SDKs/iPhoneOS26.0.sdk/System/Library/Frameworks/Foundation.framework; sourceTree = DEVELOPER_DIR; };
		ED9F8690997831707909E6DF /* LocationRecordMapperTests.swift */ = {isa = PBXFileReference; includeInIndex = 1; lastKnownFileType = sourcecode.swift; path = LocationRecordMapperTests.swift; sourceTree = "<group>"; };
/* End PBXFileReference section */

/* Begin PBXFileSystemSynchronizedBuildFileExceptionSet section */
		5F16F3BD2FFDDC41008420C3 /* Exceptions for "OmaweWidget" folder in "OmaweWidgetExtension" target */ = {
			isa = PBXFileSystemSynchronizedBuildFileExceptionSet;
			membershipExceptions = (
				Info.plist,
			);
			target = 5FD9DE992FFCE76C0047FCF3 /* OmaweWidgetExtension */;
		};
		C543B2D22FFCC71E00AC62BA /* Exceptions for "Omawe" folder in "Omawe" target */ = {
			isa = PBXFileSystemSynchronizedBuildFileExceptionSet;
			membershipExceptions = (
				Info.plist,
			);
			target = 8CF43A342FF2497200061915 /* Omawe */;
		};
/* End PBXFileSystemSynchronizedBuildFileExceptionSet section */

/* Begin PBXFileSystemSynchronizedRootGroup section */
		5FD9DE9D2FFCE76C0047FCF3 /* OmaweWidget */ = {
			isa = PBXFileSystemSynchronizedRootGroup;
			exceptions = (
				5F16F3BD2FFDDC41008420C3 /* Exceptions for "OmaweWidget" folder in "OmaweWidgetExtension" target */,
			);
			path = OmaweWidget;
			sourceTree = "<group>";
		};
		8CF43A372FF2497200061915 /* Omawe */ = {
			isa = PBXFileSystemSynchronizedRootGroup;
			exceptions = (
				C543B2D22FFCC71E00AC62BA /* Exceptions for "Omawe" folder in "Omawe" target */,
			);
			path = Omawe;
			sourceTree = "<group>";
		};
		AB12CD34EF56AB78CD90EF12 /* Shared */ = {
			isa = PBXFileSystemSynchronizedRootGroup;
			path = Shared;
			sourceTree = "<group>";
		};
/* End PBXFileSystemSynchronizedRootGroup section */

/* Begin PBXFrameworksBuildPhase section */
		57B5027A7E6D97C2FEEA6D1B /* Frameworks */ = {
			isa = PBXFrameworksBuildPhase;
			buildActionMask = 2147483647;
			files = (
				0C140F49F8E2B066FD640715 /* Foundation.framework in Frameworks */,
			);
			runOnlyForDeploymentPostprocessing = 0;
		};
		5FD9DE972FFCE76C0047FCF3 /* Frameworks */ = {
			isa = PBXFrameworksBuildPhase;
			buildActionMask = 2147483647;
			files = (
				5FD9DE9C2FFCE76C0047FCF3 /* SwiftUI.framework in Frameworks */,
				5FD9DE9B2FFCE76C0047FCF3 /* WidgetKit.framework in Frameworks */,
			);
			runOnlyForDeploymentPostprocessing = 0;
		};
		8CF43A322FF2497200061915 /* Frameworks */ = {
			isa = PBXFrameworksBuildPhase;
			buildActionMask = 2147483647;
			files = (
				C55095FF2FFB9056003A047B /* Lottie in Frameworks */,
			);
			runOnlyForDeploymentPostprocessing = 0;
		};
/* End PBXFrameworksBuildPhase section */

/* Begin PBXGroup section */
		61740C2F26D4DBA8972E15CD /* iOS */ = {
			isa = PBXGroup;
			children = (
				E2178A4116A9D305DD17AC0F /* Foundation.framework */,
			);
			name = iOS;
			sourceTree = "<group>";
		};
		8CD3699E2FF265E400B103BD /* Frameworks */ = {
			isa = PBXGroup;
			children = (
				8CD3699F2FF265E400B103BD /* WidgetKit.framework */,
				8CD369A12FF265E500B103BD /* SwiftUI.framework */,
				61740C2F26D4DBA8972E15CD /* iOS */,
			);
			name = Frameworks;
			sourceTree = "<group>";
		};
		8CF43A2C2FF2497200061915 = {
			isa = PBXGroup;
			children = (
				8CF43A372FF2497200061915 /* Omawe */,
				5FD9DE9D2FFCE76C0047FCF3 /* OmaweWidget */,
				AB12CD34EF56AB78CD90EF12 /* Shared */,
				8CD3699E2FF265E400B103BD /* Frameworks */,
				8CF43A362FF2497200061915 /* Products */,
				F67E7ABA05D4AF51F7DB588E /* OmaweTests */,
			);
			sourceTree = "<group>";
		};
		8CF43A362FF2497200061915 /* Products */ = {
			isa = PBXGroup;
			children = (
				8CF43A352FF2497200061915 /* Omawe.app */,
				5FD9DE9A2FFCE76C0047FCF3 /* OmaweWidgetExtension.appex */,
			);
			name = Products;
			sourceTree = "<group>";
		};
		F67E7ABA05D4AF51F7DB588E /* OmaweTests */ = {
			isa = PBXGroup;
			children = (
				93EC5F4E1F6844858B882715 /* OmaweTests.xctest */,
				B6E667E531EC1E31F658050D /* LocationCoreTests.swift */,
				ED9F8690997831707909E6DF /* LocationRecordMapperTests.swift */,
				93847036D36A8F72652D1A48 /* CloudKitLocationSyncServiceTests.swift */,
				58BB9C377257037BC9C0EF93 /* LocationServiceTests.swift */,
				378A394696DD98EBA3A2E72B /* LocationSharingCoordinatorTests.swift */,
				4538B9C8CCBF8A5537659448 /* LocationUpdateTests.swift */,
				AF8E1BD27BF9844BEB65136F /* LocationUpdateQueueServiceTests.swift */,
				492F4D5B458C42B48769C769 /* TripRecordMapperTests.swift */,
				5ED1FDE34AB4447282C61E78 /* ParticipantStatusEngineTests.swift */,
				7249C62EE820C3980A8641DA /* ETAAccuracySamplerTests.swift */,
				617763E59D961C1313022E6F /* CKErrorRetryClassifierTests.swift */,
				D67C5F07779763A9BAC0BFCD /* RetryExecutorTests.swift */,
				18D0C0AF62AFA885DD663EFF /* LocationDisplayStateTests.swift */,
				23E394C265FF2879CE2D4A6B /* MapRegionFittingTests.swift */,
				21CC223B6693C0C0AE023BFB /* OwnershipTransferPolicyTests.swift */,
				A88EA9D29D5FEEBBBA6927A9 /* TripNotificationServiceTests.swift */,
				597E4DDC68DA461784B88EF2 /* TripStatusViewModelTests.swift */,
				320B6F320EC5429EAC23326C /* WidgetContentStateAggregatorTests.swift */,
				B4104D124735458BBEAD9A88 /* LiveActivityLifecycleManagerTests.swift */,
			);
			path = OmaweTests;
			sourceTree = "<group>";
		};
/* End PBXGroup section */

/* Begin PBXNativeTarget section */
		5FD9DE992FFCE76C0047FCF3 /* OmaweWidgetExtension */ = {
			isa = PBXNativeTarget;
			buildConfigurationList = 5FD9DEAE2FFCE76C0047FCF3 /* Build configuration list for PBXNativeTarget "OmaweWidgetExtension" */;
			buildPhases = (
				5FD9DE962FFCE76C0047FCF3 /* Sources */,
				5FD9DE972FFCE76C0047FCF3 /* Frameworks */,
				5FD9DE982FFCE76C0047FCF3 /* Resources */,
			);
			buildRules = (
			);
			dependencies = (
			);
			fileSystemSynchronizedGroups = (
				5FD9DE9D2FFCE76C0047FCF3 /* OmaweWidget */,
				AB12CD34EF56AB78CD90EF12 /* Shared */,
			);
			name = OmaweWidgetExtension;
			productName = OmaweWidgetExtension;
			productReference = 5FD9DE9A2FFCE76C0047FCF3 /* OmaweWidgetExtension.appex */;
			productType = "com.apple.product-type.app-extension";
		};
		8CF43A342FF2497200061915 /* Omawe */ = {
			isa = PBXNativeTarget;
			buildConfigurationList = 8CF43A402FF2497300061915 /* Build configuration list for PBXNativeTarget "Omawe" */;
			buildPhases = (
				8CF43A312FF2497200061915 /* Sources */,
				8CF43A322FF2497200061915 /* Frameworks */,
				8CF43A332FF2497200061915 /* Resources */,
				8CD369B42FF265E600B103BD /* Embed Foundation Extensions */,
			);
			buildRules = (
			);
			dependencies = (
				5FD9DEAC2FFCE76C0047FCF3 /* PBXTargetDependency */,
			);
			fileSystemSynchronizedGroups = (
				8CF43A372FF2497200061915 /* Omawe */,
				AB12CD34EF56AB78CD90EF12 /* Shared */,
			);
			name = Omawe;
			packageProductDependencies = (
				C55095FE2FFB9056003A047B /* Lottie */,
			);
			productName = Challenge4;
			productReference = 8CF43A352FF2497200061915 /* Omawe.app */;
			productType = "com.apple.product-type.application";
		};
		A1BE1D5853AE4D42F28A88CB /* OmaweTests */ = {
			isa = PBXNativeTarget;
			buildConfigurationList = 298BC766EE6468BE0278AA64 /* Build configuration list for PBXNativeTarget "OmaweTests" */;
			buildPhases = (
				43D5F3152703D1843B229A80 /* Sources */,
				57B5027A7E6D97C2FEEA6D1B /* Frameworks */,
				E649E126175FE9C5E2B90843 /* Resources */,
			);
			buildRules = (
			);
			dependencies = (
				22DE075FDF51F03FDCD3DB93 /* PBXTargetDependency */,
			);
			name = OmaweTests;
			productName = OmaweTests;
			productReference = 93EC5F4E1F6844858B882715 /* OmaweTests.xctest */;
			productType = "com.apple.product-type.bundle.unit-test";
		};
/* End PBXNativeTarget section */

/* Begin PBXProject section */
		8CF43A2D2FF2497200061915 /* Project object */ = {
			isa = PBXProject;
			attributes = {
				BuildIndependentTargetsInParallel = 1;
				KnownAssetTags = (
					New,
				);
				LastSwiftUpdateCheck = 2660;
				LastUpgradeCheck = 2660;
				TargetAttributes = {
					5FD9DE992FFCE76C0047FCF3 = {
						CreatedOnToolsVersion = 26.6;
					};
					8CF43A342FF2497200061915 = {
						CreatedOnToolsVersion = 26.6;
					};
				};
			};
			buildConfigurationList = 8CF43A302FF2497200061915 /* Build configuration list for PBXProject "Omawe" */;
			developmentRegion = en;
			hasScannedForEncodings = 0;
			knownRegions = (
				en,
				Base,
			);
			mainGroup = 8CF43A2C2FF2497200061915;
			minimizedProjectReferenceProxies = 1;
			packageReferences = (
				C55095FD2FFB9056003A047B /* XCRemoteSwiftPackageReference "lottie-ios" */,
			);
			preferredProjectObjectVersion = 77;
			productRefGroup = 8CF43A362FF2497200061915 /* Products */;
			projectDirPath = "";
			projectRoot = "";
			targets = (
				8CF43A342FF2497200061915 /* Omawe */,
				5FD9DE992FFCE76C0047FCF3 /* OmaweWidgetExtension */,
				A1BE1D5853AE4D42F28A88CB /* OmaweTests */,
			);
		};
/* End PBXProject section */

/* Begin PBXResourcesBuildPhase section */
		5FD9DE982FFCE76C0047FCF3 /* Resources */ = {
			isa = PBXResourcesBuildPhase;
			buildActionMask = 2147483647;
			files = (
			);
			runOnlyForDeploymentPostprocessing = 0;
		};
		8CF43A332FF2497200061915 /* Resources */ = {
			isa = PBXResourcesBuildPhase;
			buildActionMask = 2147483647;
			files = (
			);
			runOnlyForDeploymentPostprocessing = 0;
		};
		E649E126175FE9C5E2B90843 /* Resources */ = {
			isa = PBXResourcesBuildPhase;
			buildActionMask = 2147483647;
			files = (
			);
			runOnlyForDeploymentPostprocessing = 0;
		};
/* End PBXResourcesBuildPhase section */

/* Begin PBXSourcesBuildPhase section */
		43D5F3152703D1843B229A80 /* Sources */ = {
			isa = PBXSourcesBuildPhase;
			buildActionMask = 2147483647;
			files = (
				622DC11819D4F9AAECA18B4E /* LocationCoreTests.swift in Sources */,
				C3ED5FF2E403302B0B7C7E45 /* LocationRecordMapperTests.swift in Sources */,
				FBD44B255C0176440994FE05 /* CloudKitLocationSyncServiceTests.swift in Sources */,
				92D7D52C547B48FF70F7DD50 /* LocationServiceTests.swift in Sources */,
				7533CBFA18DC75163521E9B3 /* LocationSharingCoordinatorTests.swift in Sources */,
				BD53BF10D60A6EAD1ECB4532 /* LocationUpdateTests.swift in Sources */,
				476AE09606649729F6EEBD63 /* LocationUpdateQueueServiceTests.swift in Sources */,
				D1E85434806943D389C3F392 /* TripRecordMapperTests.swift in Sources */,
				0FD74DF7A8CF4D65AC687056 /* ParticipantStatusEngineTests.swift in Sources */,
				CEFBF78ED3867274CE94481C /* ETAAccuracySamplerTests.swift in Sources */,
				9A166154E454DD11EEC9B182 /* CKErrorRetryClassifierTests.swift in Sources */,
				E43F5C45634E0E926F5EE29E /* RetryExecutorTests.swift in Sources */,
				8F63AD584C601E4FE5316C51 /* LocationDisplayStateTests.swift in Sources */,
				E2C6FE8A9B912EA20C7B2C2F /* MapRegionFittingTests.swift in Sources */,
				2AD16F635D2D6A29F0021708 /* OwnershipTransferPolicyTests.swift in Sources */,
				68EE43B30728E37F1EF03B50 /* TripNotificationServiceTests.swift in Sources */,
				16305A52EDB7461C99261225 /* TripStatusViewModelTests.swift in Sources */,
				E327BB19D4DA466797393E0F /* WidgetContentStateAggregatorTests.swift in Sources */,
				E308F70359444344AA853DA0 /* LiveActivityLifecycleManagerTests.swift in Sources */,
			);
			runOnlyForDeploymentPostprocessing = 0;
		};
		5FD9DE962FFCE76C0047FCF3 /* Sources */ = {
			isa = PBXSourcesBuildPhase;
			buildActionMask = 2147483647;
			files = (
			);
			runOnlyForDeploymentPostprocessing = 0;
		};
		8CF43A312FF2497200061915 /* Sources */ = {
			isa = PBXSourcesBuildPhase;
			buildActionMask = 2147483647;
			files = (
			);
			runOnlyForDeploymentPostprocessing = 0;
		};
/* End PBXSourcesBuildPhase section */

/* Begin PBXTargetDependency section */
		22DE075FDF51F03FDCD3DB93 /* PBXTargetDependency */ = {
			isa = PBXTargetDependency;
			name = Omawe;
			target = 8CF43A342FF2497200061915 /* Omawe */;
			targetProxy = F3594D51328387896C6EA787 /* PBXContainerItemProxy */;
		};
		5FD9DEAC2FFCE76C0047FCF3 /* PBXTargetDependency */ = {
			isa = PBXTargetDependency;
			target = 5FD9DE992FFCE76C0047FCF3 /* OmaweWidgetExtension */;
			targetProxy = 5FD9DEAB2FFCE76C0047FCF3 /* PBXContainerItemProxy */;
		};
/* End PBXTargetDependency section */

/* Begin XCBuildConfiguration section */
		4E1F66213009BC4860A6C097 /* Debug */ = {
			isa = XCBuildConfiguration;
			buildSettings = {
				BUNDLE_LOADER = "$(TEST_HOST)";
				CLANG_ENABLE_OBJC_WEAK = NO;
				CODE_SIGN_STYLE = Automatic;
				GENERATE_INFOPLIST_FILE = YES;
				IPHONEOS_DEPLOYMENT_TARGET = 26.0;
				PRODUCT_BUNDLE_IDENTIFIER = com.exboyfriends.omaweapp.tests;
				PRODUCT_NAME = "$(TARGET_NAME)";
				SDKROOT = iphoneos;
				SWIFT_VERSION = 5.0;
				TEST_HOST = "$(BUILT_PRODUCTS_DIR)/Omawe.app/Omawe";
			};
			name = Debug;
		};
		5FD9DEAF2FFCE76C0047FCF3 /* Debug */ = {
			isa = XCBuildConfiguration;
			buildSettings = {
				ASSETCATALOG_COMPILER_GLOBAL_ACCENT_COLOR_NAME = AccentColor;
				ASSETCATALOG_COMPILER_WIDGET_BACKGROUND_COLOR_NAME = WidgetBackground;
				CODE_SIGN_IDENTITY = "Apple Development";
				"CODE_SIGN_IDENTITY[sdk=iphoneos*]" = "iPhone Developer";
				CODE_SIGN_STYLE = Manual;
				CURRENT_PROJECT_VERSION = 1;
				DEVELOPMENT_TEAM = "";
				"DEVELOPMENT_TEAM[sdk=iphoneos*]" = C338C32CCY;
				GENERATE_INFOPLIST_FILE = YES;
				INFOPLIST_FILE = OmaweWidget/Info.plist;
				INFOPLIST_KEY_CFBundleDisplayName = OmaweWidget;
				INFOPLIST_KEY_NSHumanReadableCopyright = "";
				LD_RUNPATH_SEARCH_PATHS = (
					"$(inherited)",
					"@executable_path/Frameworks",
					"@executable_path/../../Frameworks",
				);
				MARKETING_VERSION = 1.0;
				PRODUCT_BUNDLE_IDENTIFIER = com.exboyfriends.omaweapp.widget;
				PRODUCT_NAME = "$(TARGET_NAME)";
				PROVISIONING_PROFILE_SPECIFIER = "";
				"PROVISIONING_PROFILE_SPECIFIER[sdk=iphoneos*]" = "Omawe Widget";
				SKIP_INSTALL = YES;
				STRING_CATALOG_GENERATE_SYMBOLS = YES;
				SWIFT_APPROACHABLE_CONCURRENCY = YES;
				SWIFT_EMIT_LOC_STRINGS = YES;
				SWIFT_UPCOMING_FEATURE_MEMBER_IMPORT_VISIBILITY = YES;
				SWIFT_VERSION = 5.0;
				TARGETED_DEVICE_FAMILY = "1,2";
			};
			name = Debug;
		};
		5FD9DEB02FFCE76C0047FCF3 /* Release */ = {
			isa = XCBuildConfiguration;
			buildSettings = {
				ASSETCATALOG_COMPILER_GLOBAL_ACCENT_COLOR_NAME = AccentColor;
				ASSETCATALOG_COMPILER_WIDGET_BACKGROUND_COLOR_NAME = WidgetBackground;
				CODE_SIGN_IDENTITY = "Apple Development";
				"CODE_SIGN_IDENTITY[sdk=iphoneos*]" = "iPhone Developer";
				CODE_SIGN_STYLE = Manual;
				CURRENT_PROJECT_VERSION = 1;
				DEVELOPMENT_TEAM = "";
				"DEVELOPMENT_TEAM[sdk=iphoneos*]" = C338C32CCY;
				GENERATE_INFOPLIST_FILE = YES;
				INFOPLIST_FILE = OmaweWidget/Info.plist;
				INFOPLIST_KEY_CFBundleDisplayName = OmaweWidget;
				INFOPLIST_KEY_NSHumanReadableCopyright = "";
				LD_RUNPATH_SEARCH_PATHS = (
					"$(inherited)",
					"@executable_path/Frameworks",
					"@executable_path/../../Frameworks",
				);
				MARKETING_VERSION = 1.0;
				PRODUCT_BUNDLE_IDENTIFIER = com.exboyfriends.omaweapp.widget;
				PRODUCT_NAME = "$(TARGET_NAME)";
				PROVISIONING_PROFILE_SPECIFIER = "";
				"PROVISIONING_PROFILE_SPECIFIER[sdk=iphoneos*]" = "Omawe Widget";
				SKIP_INSTALL = YES;
				STRING_CATALOG_GENERATE_SYMBOLS = YES;
				SWIFT_APPROACHABLE_CONCURRENCY = YES;
				SWIFT_EMIT_LOC_STRINGS = YES;
				SWIFT_UPCOMING_FEATURE_MEMBER_IMPORT_VISIBILITY = YES;
				SWIFT_VERSION = 5.0;
				TARGETED_DEVICE_FAMILY = "1,2";
			};
			name = Release;
		};
		8CF43A3E2FF2497300061915 /* Debug */ = {
			isa = XCBuildConfiguration;
			buildSettings = {
				ALWAYS_SEARCH_USER_PATHS = NO;
				ASSETCATALOG_COMPILER_GENERATE_SWIFT_ASSET_SYMBOL_EXTENSIONS = YES;
				CLANG_ANALYZER_NONNULL = YES;
				CLANG_ANALYZER_NUMBER_OBJECT_CONVERSION = YES_AGGRESSIVE;
				CLANG_CXX_LANGUAGE_STANDARD = "gnu++20";
				CLANG_ENABLE_MODULES = YES;
				CLANG_ENABLE_OBJC_ARC = YES;
				CLANG_ENABLE_OBJC_WEAK = YES;
				CLANG_WARN_BLOCK_CAPTURE_AUTORELEASING = YES;
				CLANG_WARN_BOOL_CONVERSION = YES;
				CLANG_WARN_COMMA = YES;
				CLANG_WARN_CONSTANT_CONVERSION = YES;
				CLANG_WARN_DEPRECATED_OBJC_IMPLEMENTATIONS = YES;
				CLANG_WARN_DIRECT_OBJC_ISA_USAGE = YES_ERROR;
				CLANG_WARN_DOCUMENTATION_COMMENTS = YES;
				CLANG_WARN_EMPTY_BODY = YES;
				CLANG_WARN_ENUM_CONVERSION = YES;
				CLANG_WARN_INFINITE_RECURSION = YES;
				CLANG_WARN_INT_CONVERSION = YES;
				CLANG_WARN_NON_LITERAL_NULL_CONVERSION = YES;
				CLANG_WARN_OBJC_IMPLICIT_RETAIN_SELF = YES;
				CLANG_WARN_OBJC_LITERAL_CONVERSION = YES;
				CLANG_WARN_OBJC_ROOT_CLASS = YES_ERROR;
				CLANG_WARN_QUOTED_INCLUDE_IN_FRAMEWORK_HEADER = YES;
				CLANG_WARN_RANGE_LOOP_ANALYSIS = YES;
				CLANG_WARN_STRICT_PROTOTYPES = YES;
				CLANG_WARN_SUSPICIOUS_MOVE = YES;
				CLANG_WARN_UNGUARDED_AVAILABILITY = YES_AGGRESSIVE;
				CLANG_WARN_UNREACHABLE_CODE = YES;
				CLANG_WARN__DUPLICATE_METHOD_MATCH = YES;
				COPY_PHASE_STRIP = NO;
				DEBUG_INFORMATION_FORMAT = dwarf;
				DEVELOPMENT_TEAM = KP7V5MRL6Q;
				ENABLE_STRICT_OBJC_MSGSEND = YES;
				ENABLE_TESTABILITY = YES;
				ENABLE_USER_SCRIPT_SANDBOXING = YES;
				GCC_C_LANGUAGE_STANDARD = gnu17;
				GCC_DYNAMIC_NO_PIC = NO;
				GCC_NO_COMMON_BLOCKS = YES;
				GCC_OPTIMIZATION_LEVEL = 0;
				GCC_PREPROCESSOR_DEFINITIONS = (
					"DEBUG=1",
					"$(inherited)",
				);
				GCC_WARN_64_TO_32_BIT_CONVERSION = YES;
				GCC_WARN_ABOUT_RETURN_TYPE = YES_ERROR;
				GCC_WARN_UNDECLARED_SELECTOR = YES;
				GCC_WARN_UNINITIALIZED_AUTOS = YES_AGGRESSIVE;
				GCC_WARN_UNUSED_FUNCTION = YES;
				GCC_WARN_UNUSED_VARIABLE = YES;
				IPHONEOS_DEPLOYMENT_TARGET = 26.5;
				LOCALIZATION_PREFERS_STRING_CATALOGS = YES;
				MTL_ENABLE_DEBUG_INFO = INCLUDE_SOURCE;
				MTL_FAST_MATH = YES;
				ONLY_ACTIVE_ARCH = YES;
				SDKROOT = iphoneos;
				SWIFT_ACTIVE_COMPILATION_CONDITIONS = "DEBUG $(inherited)";
				SWIFT_OPTIMIZATION_LEVEL = "-Onone";
			};
			name = Debug;
		};
		8CF43A3F2FF2497300061915 /* Release */ = {
			isa = XCBuildConfiguration;
			buildSettings = {
				ALWAYS_SEARCH_USER_PATHS = NO;
				ASSETCATALOG_COMPILER_GENERATE_SWIFT_ASSET_SYMBOL_EXTENSIONS = YES;
				CLANG_ANALYZER_NONNULL = YES;
				CLANG_ANALYZER_NUMBER_OBJECT_CONVERSION = YES_AGGRESSIVE;
				CLANG_CXX_LANGUAGE_STANDARD = "gnu++20";
				CLANG_ENABLE_MODULES = YES;
				CLANG_ENABLE_OBJC_ARC = YES;
				CLANG_ENABLE_OBJC_WEAK = YES;
				CLANG_WARN_BLOCK_CAPTURE_AUTORELEASING = YES;
				CLANG_WARN_BOOL_CONVERSION = YES;
				CLANG_WARN_COMMA = YES;
				CLANG_WARN_CONSTANT_CONVERSION = YES;
				CLANG_WARN_DEPRECATED_OBJC_IMPLEMENTATIONS = YES;
				CLANG_WARN_DIRECT_OBJC_ISA_USAGE = YES_ERROR;
				CLANG_WARN_DOCUMENTATION_COMMENTS = YES;
				CLANG_WARN_EMPTY_BODY = YES;
				CLANG_WARN_ENUM_CONVERSION = YES;
				CLANG_WARN_INFINITE_RECURSION = YES;
				CLANG_WARN_INT_CONVERSION = YES;
				CLANG_WARN_NON_LITERAL_NULL_CONVERSION = YES;
				CLANG_WARN_OBJC_IMPLICIT_RETAIN_SELF = YES;
				CLANG_WARN_OBJC_LITERAL_CONVERSION = YES;
				CLANG_WARN_OBJC_ROOT_CLASS = YES_ERROR;
				CLANG_WARN_QUOTED_INCLUDE_IN_FRAMEWORK_HEADER = YES;
				CLANG_WARN_RANGE_LOOP_ANALYSIS = YES;
				CLANG_WARN_STRICT_PROTOTYPES = YES;
				CLANG_WARN_SUSPICIOUS_MOVE = YES;
				CLANG_WARN_UNGUARDED_AVAILABILITY = YES_AGGRESSIVE;
				CLANG_WARN_UNREACHABLE_CODE = YES;
				CLANG_WARN__DUPLICATE_METHOD_MATCH = YES;
				COPY_PHASE_STRIP = NO;
				DEBUG_INFORMATION_FORMAT = "dwarf-with-dsym";
				DEVELOPMENT_TEAM = KP7V5MRL6Q;
				ENABLE_NS_ASSERTIONS = NO;
				ENABLE_STRICT_OBJC_MSGSEND = YES;
				ENABLE_USER_SCRIPT_SANDBOXING = YES;
				GCC_C_LANGUAGE_STANDARD = gnu17;
				GCC_NO_COMMON_BLOCKS = YES;
				GCC_WARN_64_TO_32_BIT_CONVERSION = YES;
				GCC_WARN_ABOUT_RETURN_TYPE = YES_ERROR;
				GCC_WARN_UNDECLARED_SELECTOR = YES;
				GCC_WARN_UNINITIALIZED_AUTOS = YES_AGGRESSIVE;
				GCC_WARN_UNUSED_FUNCTION = YES;
				GCC_WARN_UNUSED_VARIABLE = YES;
				IPHONEOS_DEPLOYMENT_TARGET = 26.5;
				LOCALIZATION_PREFERS_STRING_CATALOGS = YES;
				MTL_ENABLE_DEBUG_INFO = NO;
				MTL_FAST_MATH = YES;
				SDKROOT = iphoneos;
				SWIFT_COMPILATION_MODE = wholemodule;
				VALIDATE_PRODUCT = YES;
			};
			name = Release;
		};
		8CF43A412FF2497300061915 /* Debug */ = {
			isa = XCBuildConfiguration;
			buildSettings = {
				ASSETCATALOG_COMPILER_APPICON_NAME = AppIcon;
				ASSETCATALOG_COMPILER_GLOBAL_ACCENT_COLOR_NAME = AccentColor;
				CODE_SIGN_ENTITLEMENTS = Omawe/Omawe.entitlements;
				CODE_SIGN_IDENTITY = "Apple Development";
				"CODE_SIGN_IDENTITY[sdk=iphoneos*]" = "iPhone Developer";
				CODE_SIGN_STYLE = Manual;
				CURRENT_PROJECT_VERSION = 1;
				DEVELOPMENT_TEAM = "";
				"DEVELOPMENT_TEAM[sdk=iphoneos*]" = C338C32CCY;
				ENABLE_PREVIEWS = YES;
				GENERATE_INFOPLIST_FILE = YES;
				INFOPLIST_FILE = Omawe/Info.plist;
				INFOPLIST_KEY_CFBundleDisplayName = Omawe;
				INFOPLIST_KEY_UIApplicationSceneManifest_Generation = YES;
				INFOPLIST_KEY_UIApplicationSupportsIndirectInputEvents = YES;
				INFOPLIST_KEY_UILaunchScreen_Generation = YES;
				INFOPLIST_KEY_UISupportedInterfaceOrientations_iPad = "UIInterfaceOrientationPortrait UIInterfaceOrientationPortraitUpsideDown UIInterfaceOrientationLandscapeLeft UIInterfaceOrientationLandscapeRight";
				INFOPLIST_KEY_UISupportedInterfaceOrientations_iPhone = "UIInterfaceOrientationPortrait UIInterfaceOrientationLandscapeLeft UIInterfaceOrientationLandscapeRight";
				IPHONEOS_DEPLOYMENT_TARGET = 26.0;
				LD_RUNPATH_SEARCH_PATHS = (
					"$(inherited)",
					"@executable_path/Frameworks",
				);
				MARKETING_VERSION = 1.0;
				PRODUCT_BUNDLE_IDENTIFIER = com.exboyfriends.omaweapp;
				PRODUCT_NAME = "$(TARGET_NAME)";
				PROVISIONING_PROFILE_SPECIFIER = "";
				"PROVISIONING_PROFILE_SPECIFIER[sdk=iphoneos*]" = Omawe;
				STRING_CATALOG_GENERATE_SYMBOLS = YES;
				SWIFT_APPROACHABLE_CONCURRENCY = YES;
				SWIFT_DEFAULT_ACTOR_ISOLATION = MainActor;
				SWIFT_EMIT_LOC_STRINGS = YES;
				SWIFT_UPCOMING_FEATURE_MEMBER_IMPORT_VISIBILITY = YES;
				SWIFT_VERSION = 5.0;
				TARGETED_DEVICE_FAMILY = "1,2";
			};
			name = Debug;
		};
		8CF43A422FF2497300061915 /* Release */ = {
			isa = XCBuildConfiguration;
			buildSettings = {
				ASSETCATALOG_COMPILER_APPICON_NAME = AppIcon;
				ASSETCATALOG_COMPILER_GLOBAL_ACCENT_COLOR_NAME = AccentColor;
				CODE_SIGN_ENTITLEMENTS = Omawe/Omawe.entitlements;
				CODE_SIGN_IDENTITY = "Apple Development";
				"CODE_SIGN_IDENTITY[sdk=iphoneos*]" = "iPhone Developer";
				CODE_SIGN_STYLE = Manual;
				CURRENT_PROJECT_VERSION = 1;
				DEVELOPMENT_TEAM = "";
				"DEVELOPMENT_TEAM[sdk=iphoneos*]" = C338C32CCY;
				ENABLE_PREVIEWS = YES;
				GENERATE_INFOPLIST_FILE = YES;
				INFOPLIST_FILE = Omawe/Info.plist;
				INFOPLIST_KEY_CFBundleDisplayName = Omawe;
				INFOPLIST_KEY_UIApplicationSceneManifest_Generation = YES;
				INFOPLIST_KEY_UIApplicationSupportsIndirectInputEvents = YES;
				INFOPLIST_KEY_UILaunchScreen_Generation = YES;
				INFOPLIST_KEY_UISupportedInterfaceOrientations_iPad = "UIInterfaceOrientationPortrait UIInterfaceOrientationPortraitUpsideDown UIInterfaceOrientationLandscapeLeft UIInterfaceOrientationLandscapeRight";
				INFOPLIST_KEY_UISupportedInterfaceOrientations_iPhone = "UIInterfaceOrientationPortrait UIInterfaceOrientationLandscapeLeft UIInterfaceOrientationLandscapeRight";
				IPHONEOS_DEPLOYMENT_TARGET = 26.0;
				LD_RUNPATH_SEARCH_PATHS = (
					"$(inherited)",
					"@executable_path/Frameworks",
				);
				MARKETING_VERSION = 1.0;
				PRODUCT_BUNDLE_IDENTIFIER = com.exboyfriends.omaweapp;
				PRODUCT_NAME = "$(TARGET_NAME)";
				PROVISIONING_PROFILE_SPECIFIER = "";
				"PROVISIONING_PROFILE_SPECIFIER[sdk=iphoneos*]" = Omawe;
				STRING_CATALOG_GENERATE_SYMBOLS = YES;
				SWIFT_APPROACHABLE_CONCURRENCY = YES;
				SWIFT_DEFAULT_ACTOR_ISOLATION = MainActor;
				SWIFT_EMIT_LOC_STRINGS = YES;
				SWIFT_UPCOMING_FEATURE_MEMBER_IMPORT_VISIBILITY = YES;
				SWIFT_VERSION = 5.0;
				TARGETED_DEVICE_FAMILY = "1,2";
			};
			name = Release;
		};
		B1BB6967220E835FB6B8BBA0 /* Release */ = {
			isa = XCBuildConfiguration;
			buildSettings = {
				BUNDLE_LOADER = "$(TEST_HOST)";
				CLANG_ENABLE_OBJC_WEAK = NO;
				CODE_SIGN_STYLE = Automatic;
				GENERATE_INFOPLIST_FILE = YES;
				IPHONEOS_DEPLOYMENT_TARGET = 26.0;
				PRODUCT_BUNDLE_IDENTIFIER = com.exboyfriends.omaweapp.tests;
				PRODUCT_NAME = "$(TARGET_NAME)";
				SDKROOT = iphoneos;
				SWIFT_VERSION = 5.0;
				TEST_HOST = "$(BUILT_PRODUCTS_DIR)/Omawe.app/Omawe";
				VALIDATE_PRODUCT = YES;
			};
			name = Release;
		};
/* End XCBuildConfiguration section */

/* Begin XCConfigurationList section */
		298BC766EE6468BE0278AA64 /* Build configuration list for PBXNativeTarget "OmaweTests" */ = {
			isa = XCConfigurationList;
			buildConfigurations = (
				B1BB6967220E835FB6B8BBA0 /* Release */,
				4E1F66213009BC4860A6C097 /* Debug */,
			);
			defaultConfigurationIsVisible = 0;
			defaultConfigurationName = Release;
		};
		5FD9DEAE2FFCE76C0047FCF3 /* Build configuration list for PBXNativeTarget "OmaweWidgetExtension" */ = {
			isa = XCConfigurationList;
			buildConfigurations = (
				5FD9DEAF2FFCE76C0047FCF3 /* Debug */,
				5FD9DEB02FFCE76C0047FCF3 /* Release */,
			);
			defaultConfigurationIsVisible = 0;
			defaultConfigurationName = Release;
		};
		8CF43A302FF2497200061915 /* Build configuration list for PBXProject "Omawe" */ = {
			isa = XCConfigurationList;
			buildConfigurations = (
				8CF43A3E2FF2497300061915 /* Debug */,
				8CF43A3F2FF2497300061915 /* Release */,
			);
			defaultConfigurationIsVisible = 0;
			defaultConfigurationName = Release;
		};
		8CF43A402FF2497300061915 /* Build configuration list for PBXNativeTarget "Omawe" */ = {
			isa = XCConfigurationList;
			buildConfigurations = (
				8CF43A412FF2497300061915 /* Debug */,
				8CF43A422FF2497300061915 /* Release */,
			);
			defaultConfigurationIsVisible = 0;
			defaultConfigurationName = Release;
		};
/* End XCConfigurationList section */

/* Begin XCRemoteSwiftPackageReference section */
		C55095FD2FFB9056003A047B /* XCRemoteSwiftPackageReference "lottie-ios" */ = {
			isa = XCRemoteSwiftPackageReference;
			repositoryURL = "https://github.com/airbnb/lottie-ios.git";
			requirement = {
				kind = upToNextMajorVersion;
				minimumVersion = 4.6.1;
			};
		};
/* End XCRemoteSwiftPackageReference section */

/* Begin XCSwiftPackageProductDependency section */
		C55095FE2FFB9056003A047B /* Lottie */ = {
			isa = XCSwiftPackageProductDependency;
			package = C55095FD2FFB9056003A047B /* XCRemoteSwiftPackageReference "lottie-ios" */;
			productName = Lottie;
		};
/* End XCSwiftPackageProductDependency section */
	};
	rootObject = 8CF43A2D2FF2497200061915 /* Project object */;
}
